
Microsoft Visual Studio Solution File, Format Version 11.00
# Visual Studio 2010
Project("{8BC9CEB8-8B4A-11D0-8D11-00A0C91BC942}") = "Reflections In Chamber", "Reflections In Chamber\Reflections In Chamber.vcxproj", "{B25D730D-13A1-4021-AC3A-22071C0C5710}"
EndProject
Global
	GlobalSection(SolutionConfigurationPlatforms) = preSolution
		Debug|Win32 = Debug|Win32
		Release|Win32 = Release|Win32
	EndGlobalSection
	GlobalSection(ProjectConfigurationPlatforms) = postSolution
		{B25D730D-13A1-4021-AC3A-22071C0C5710}.Debug|Win32.ActiveCfg = Debug|Win32
		{B25D730D-13A1-4021-AC3A-22071C0C5710}.Debug|Win32.Build.0 = Debug|Win32
		{B25D730D-13A1-4021-AC3A-22071C0C5710}.Release|Win32.ActiveCfg = Release|Win32
		{B25D730D-13A1-4021-AC3A-22071C0C5710}.Release|Win32.Build.0 = Release|Win32
	EndGlobalSection
	GlobalSection(SolutionProperties) = preSolution
		HideSolutionNode = FALSE
	EndGlobalSection
EndGlobal
